// !$*UTF8*$!
{
	archiveVersion = 1;
	classes = {
	};
	objectVersion = 56;
	objects = {

/* Begin PBXBuildFile section */
		50C6F68E2A55A0B8002F538D /* ViewController.swift in Sources */ = {isa = PBXBuildFile; fileRef = 50C6F6852A55A0B7002F538D /* ViewController.swift */; };
		50C6F68F2A55A0B8002F538D /* Assets.xcassets in Resources */ = {isa = PBXBuildFile; fileRef = 50C6F6862A55A0B7002F538D /* Assets.xcassets */; };
		50C6F6902A55A0B8002F538D /* LaunchScreen.storyboard in Resources */ = {isa = PBXBuildFile; fileRef = 50C6F6872A55A0B7002F538D /* LaunchScreen.storyboard */; };
		50C6F6912A55A0B8002F538D /* Main.storyboard in Resources */ = {isa = PBXBuildFile; fileRef = 50C6F6892A55A0B7002F538D /* Main.storyboard */; };
		50C6F6922A55A0B8002F538D /* AppDelegate.swift in Sources */ = {isa = PBXBuildFile; fileRef = 50C6F68B2A55A0B7002F538D /* AppDelegate.swift */; };
		50C6F6942A55A0B8002F538D /* SceneDelegate.swift in Sources */ = {isa = PBXBuildFile; fileRef = 50C6F68D2A55A0B7002F538D /* SceneDelegate.swift */; };
		50C6F69F2A55A317002F538D /* SBProgressHUD.framework in Frameworks */ = {isa = PBXBuildFile; fileRef = 50C6F69E2A55A317002F538D /* SBProgressHUD.framework */; };
/* End PBXBuildFile section */

/* Begin PBXContainerItemProxy section */
		94DB14222A5BEC9700F12A55 /* PBXContainerItemProxy */ = {
			isa = PBXContainerItemProxy;
			containerPortal = 50C6F6372A559FAE002F538D /* Project object */;
			proxyType = 1;
			remoteGlobalIDString = 50C6F63E2A559FAE002F538D;
			remoteInfo = "SBProgressHUD-Demo";
		};
/* End PBXContainerItemProxy section */

/* Begin PBXFileReference section */
		50C6F63F2A559FAE002F538D /* SBProgressHUD-Demo.app */ = {isa = PBXFileReference; explicitFileType = wrapper.application; includeInIndex = 0; path = "SBProgressHUD-Demo.app"; sourceTree = BUILT_PRODUCTS_DIR; };
		50C6F6852A55A0B7002F538D /* ViewController.swift */ = {isa = PBXFileReference; fileEncoding = 4; lastKnownFileType = sourcecode.swift; path = ViewController.swift; sourceTree = "<group>"; };
		50C6F6862A55A0B7002F538D /* Assets.xcassets */ = {isa = PBXFileReference; lastKnownFileType = folder.assetcatalog; path = Assets.xcassets; sourceTree = "<group>"; };
		50C6F6882A55A0B7002F538D /* Base */ = {isa = PBXFileReference; lastKnownFileType = file.storyboard; name = Base; path = Base.lproj/LaunchScreen.storyboard; sourceTree = "<group>"; };
		50C6F68A2A55A0B7002F538D /* Base */ = {isa = PBXFileReference; lastKnownFileType = file.storyboard; name = Base; path = Base.lproj/Main.storyboard; sourceTree = "<group>"; };
		50C6F68B2A55A0B7002F538D /* AppDelegate.swift */ = {isa = PBXFileReference; fileEncoding = 4; lastKnownFileType = sourcecode.swift; path = AppDelegate.swift; sourceTree = "<group>"; };
		50C6F68C2A55A0B7002F538D /* Info.plist */ = {isa = PBXFileReference; fileEncoding = 4; lastKnownFileType = text.plist.xml; path = Info.plist; sourceTree = "<group>"; };
		50C6F68D2A55A0B7002F538D /* SceneDelegate.swift */ = {isa = PBXFileReference; fileEncoding = 4; lastKnownFileType = sourcecode.swift; path = SceneDelegate.swift; sourceTree = "<group>"; };
		50C6F69E2A55A317002F538D /* SBProgressHUD.framework */ = {isa = PBXFileReference; explicitFileType = wrapper.framework; path = SBProgressHUD.framework; sourceTree = BUILT_PRODUCTS_DIR; };
		94DB141E2A5BEC9700F12A55 /* SBProgressHUD-DemoTests.xctest */ = {isa = PBXFileReference; explicitFileType = wrapper.cfbundle; includeInIndex = 0; path = "SBProgressHUD-DemoTests.xctest"; sourceTree = BUILT_PRODUCTS_DIR; };
/* End PBXFileReference section */

/* Begin PBXFrameworksBuildPhase section */
		50C6F63C2A559FAE002F538D /* Frameworks */ = {
			isa = PBXFrameworksBuildPhase;
			buildActionMask = 2147483647;
			files = (
				50C6F69F2A55A317002F538D /* SBProgressHUD.framework in Frameworks */,
			);
			runOnlyForDeploymentPostprocessing = 0;
		};
		94DB141B2A5BEC9700F12A55 /* Frameworks */ = {
			isa = PBXFrameworksBuildPhase;
			buildActionMask = 2147483647;
			files = (
			);
			runOnlyForDeploymentPostprocessing = 0;
		};
/* End PBXFrameworksBuildPhase section */

/* Begin PBXGroup section */
		50C6F6362A559FAE002F538D = {
			isa = PBXGroup;
			children = (
				50C6F6722A55A0AA002F538D /* Demo */,
				94DB14272A5BECC400F12A55 /* DemoTests */,
				50C6F69D2A55A317002F538D /* Frameworks */,
				50C6F6402A559FAE002F538D /* Products */,
			);
			sourceTree = "<group>";
		};
		50C6F6402A559FAE002F538D /* Products */ = {
			isa = PBXGroup;
			children = (
				50C6F63F2A559FAE002F538D /* SBProgressHUD-Demo.app */,
				94DB141E2A5BEC9700F12A55 /* SBProgressHUD-DemoTests.xctest */,
			);
			name = Products;
			sourceTree = "<group>";
		};
		50C6F6722A55A0AA002F538D /* Demo */ = {
			isa = PBXGroup;
			children = (
				50C6F6842A55A0B7002F538D /* Spirit-Demo */,
			);
			name = Demo;
			sourceTree = "<group>";
		};
		50C6F6842A55A0B7002F538D /* Spirit-Demo */ = {
			isa = PBXGroup;
			children = (
				50C6F68B2A55A0B7002F538D /* AppDelegate.swift */,
				50C6F68D2A55A0B7002F538D /* SceneDelegate.swift */,
				50C6F6872A55A0B7002F538D /* LaunchScreen.storyboard */,
				50C6F6892A55A0B7002F538D /* Main.storyboard */,
				50C6F6852A55A0B7002F538D /* ViewController.swift */,
				50C6F6862A55A0B7002F538D /* Assets.xcassets */,
				50C6F68C2A55A0B7002F538D /* Info.plist */,
			);
			name = "Spirit-Demo";
			path = "Demo/Spirit-Demo";
			sourceTree = "<group>";
		};
		50C6F69D2A55A317002F538D /* Frameworks */ = {
			isa = PBXGroup;
			children = (
				50C6F69E2A55A317002F538D /* SBProgressHUD.framework */,
			);
			name = Frameworks;
			sourceTree = "<group>";
		};
		94DB14272A5BECC400F12A55 /* DemoTests */ = {
			isa = PBXGroup;
			children = (
			);
			name = DemoTests;
			sourceTree = "<group>";
		};
/* End PBXGroup section */

/* Begin PBXNativeTarget section */
		50C6F63E2A559FAE002F538D /* SBProgressHUD-Demo */ = {
			isa = PBXNativeTarget;
			buildConfigurationList = 50C6F6532A559FAF002F538D /* Build configuration list for PBXNativeTarget "SBProgressHUD-Demo" */;
			buildPhases = (
				50C6F63B2A559FAE002F538D /* Sources */,
				50C6F63C2A559FAE002F538D /* Frameworks */,
				50C6F63D2A559FAE002F538D /* Resources */,
			);
			buildRules = (
			);
			dependencies = (
			);
			name = "SBProgressHUD-Demo";
			productName = "SBProgressHUD-Demo";
			productReference = 50C6F63F2A559FAE002F538D /* SBProgressHUD-Demo.app */;
			productType = "com.apple.product-type.application";
		};
		94DB141D2A5BEC9700F12A55 /* SBProgressHUD-DemoTests */ = {
			isa = PBXNativeTarget;
			buildConfigurationList = 94DB14262A5BEC9700F12A55 /* Build configuration list for PBXNativeTarget "SBProgressHUD-DemoTests" */;
			buildPhases = (
				94DB141A2A5BEC9700F12A55 /* Sources */,
				94DB141B2A5BEC9700F12A55 /* Frameworks */,
				94DB141C2A5BEC9700F12A55 /* Resources */,
			);
			buildRules = (
			);
			dependencies = (
				94DB14232A5BEC9700F12A55 /* PBXTargetDependency */,
			);
			name = "SBProgressHUD-DemoTests";
			productName = "SBProgressHUD-DemoTests";
			productReference = 94DB141E2A5BEC9700F12A55 /* SBProgressHUD-DemoTests.xctest */;
			productType = "com.apple.product-type.bundle.unit-test";
		};
/* End PBXNativeTarget section */

/* Begin PBXProject section */
		50C6F6372A559FAE002F538D /* Project object */ = {
			isa = PBXProject;
			attributes = {
				BuildIndependentTargetsInParallel = 1;
				LastSwiftUpdateCheck = 1430;
				LastUpgradeCheck = 1420;
				TargetAttributes = {
					50C6F63E2A559FAE002F538D = {
						CreatedOnToolsVersion = 14.2;
					};
					94DB141D2A5BEC9700F12A55 = {
						CreatedOnToolsVersion = 14.3.1;
						LastSwiftMigration = 1430;
						TestTargetID = 50C6F63E2A559FAE002F538D;
					};
				};
			};
			buildConfigurationList = 50C6F63A2A559FAE002F538D /* Build configuration list for PBXProject "SBProgressHUD-Demo" */;
			compatibilityVersion = "Xcode 14.0";
			developmentRegion = en;
			hasScannedForEncodings = 0;
			knownRegions = (
				en,
				Base,
			);
			mainGroup = 50C6F6362A559FAE002F538D;
			productRefGroup = 50C6F6402A559FAE002F538D /* Products */;
			projectDirPath = "";
			projectRoot = "";
			targets = (
				50C6F63E2A559FAE002F538D /* SBProgressHUD-Demo */,
				94DB141D2A5BEC9700F12A55 /* SBProgressHUD-DemoTests */,
			);
		};
/* End PBXProject section */

/* Begin PBXResourcesBuildPhase section */
		50C6F63D2A559FAE002F538D /* Resources */ = {
			isa = PBXResourcesBuildPhase;
			buildActionMask = 2147483647;
			files = (
				50C6F6912A55A0B8002F538D /* Main.storyboard in Resources */,
				50C6F68F2A55A0B8002F538D /* Assets.xcassets in Resources */,
				50C6F6902A55A0B8002F538D /* LaunchScreen.storyboard in Resources */,
			);
			runOnlyForDeploymentPostprocessing = 0;
		};
		94DB141C2A5BEC9700F12A55 /* Resources */ = {
			isa = PBXResourcesBuildPhase;
			buildActionMask = 2147483647;
			files = (
			);
			runOnlyForDeploymentPostprocessing = 0;
		};
/* End PBXResourcesBuildPhase section */

/* Begin PBXSourcesBuildPhase section */
		50C6F63B2A559FAE002F538D /* Sources */ = {
			isa = PBXSourcesBuildPhase;
			buildActionMask = 2147483647;
			files = (
				50C6F6922A55A0B8002F538D /* AppDelegate.swift in Sources */,
				50C6F68E2A55A0B8002F538D /* ViewController.swift in Sources */,
				50C6F6942A55A0B8002F538D /* SceneDelegate.swift in Sources */,
			);
			runOnlyForDeploymentPostprocessing = 0;
		};
		94DB141A2A5BEC9700F12A55 /* Sources */ = {
			isa = PBXSourcesBuildPhase;
			buildActionMask = 2147483647;
			files = (
			);
			runOnlyForDeploymentPostprocessing = 0;
		};
/* End PBXSourcesBuildPhase section */

/* Begin PBXTargetDependency section */
		94DB14232A5BEC9700F12A55 /* PBXTargetDependency */ = {
			isa = PBXTargetDependency;
			target = 50C6F63E2A559FAE002F538D /* SBProgressHUD-Demo */;
			targetProxy = 94DB14222A5BEC9700F12A55 /* PBXContainerItemProxy */;
		};
/* End PBXTargetDependency section */

/* Begin PBXVariantGroup section */
		50C6F6872A55A0B7002F538D /* LaunchScreen.storyboard */ = {
			isa = PBXVariantGroup;
			children = (
				50C6F6882A55A0B7002F538D /* Base */,
			);
			name = LaunchScreen.storyboard;
			sourceTree = "<group>";
		};
		50C6F6892A55A0B7002F538D /* Main.storyboard */ = {
			isa = PBXVariantGroup;
			children = (
				50C6F68A2A55A0B7002F538D /* Base */,
			);
			name = Main.storyboard;
			sourceTree = "<group>";
		};
/* End PBXVariantGroup section */

/* Begin XCBuildConfiguration section */
		50C6F6512A559FAF002F538D /* Debug */ = {
			isa = XCBuildConfiguration;
			buildSettings = {
				ALWAYS_SEARCH_USER_PATHS = NO;
				CLANG_ANALYZER_NONNULL = YES;
				CLANG_ANALYZER_NUMBER_OBJECT_CONVERSION = YES_AGGRESSIVE;
				CLANG_CXX_LANGUAGE_STANDARD = "gnu++20";
				CLANG_ENABLE_MODULES = YES;
				CLANG_ENABLE_OBJC_ARC = YES;
				CLANG_ENABLE_OBJC_WEAK = YES;
				CLANG_WARN_BLOCK_CAPTURE_AUTORELEASING = YES;
				CLANG_WARN_BOOL_CONVERSION = YES;
				CLANG_WARN_COMMA = YES;
				CLANG_WARN_CONSTANT_CONVERSION = YES;
				CLANG_WARN_DEPRECATED_OBJC_IMPLEMENTATIONS = YES;
				CLANG_WARN_DIRECT_OBJC_ISA_USAGE = YES_ERROR;
				CLANG_WARN_DOCUMENTATION_COMMENTS = YES;
				CLANG_WARN_EMPTY_BODY = YES;
				CLANG_WARN_ENUM_CONVERSION = YES;
				CLANG_WARN_INFINITE_RECURSION = YES;
				CLANG_WARN_INT_CONVERSION = YES;
				CLANG_WARN_NON_LITERAL_NULL_CONVERSION = YES;
				CLANG_WARN_OBJC_IMPLICIT_RETAIN_SELF = YES;
				CLANG_WARN_OBJC_LITERAL_CONVERSION = YES;
				CLANG_WARN_OBJC_ROOT_CLASS = YES_ERROR;
				CLANG_WARN_QUOTED_INCLUDE_IN_FRAMEWORK_HEADER = YES;
				CLANG_WARN_RANGE_LOOP_ANALYSIS = YES;
				CLANG_WARN_STRICT_PROTOTYPES = YES;
				CLANG_WARN_SUSPICIOUS_MOVE = YES;
				CLANG_WARN_UNGUARDED_AVAILABILITY = YES_AGGRESSIVE;
				CLANG_WARN_UNREACHABLE_CODE = YES;
				CLANG_WARN__DUPLICATE_METHOD_MATCH = YES;
				COPY_PHASE_STRIP = NO;
				DEBUG_INFORMATION_FORMAT = dwarf;
				ENABLE_STRICT_OBJC_MSGSEND = YES;
				ENABLE_TESTABILITY = YES;
				GCC_C_LANGUAGE_STANDARD = gnu11;
				GCC_DYNAMIC_NO_PIC = NO;
				GCC_NO_COMMON_BLOCKS = YES;
				GCC_OPTIMIZATION_LEVEL = 0;
				GCC_PREPROCESSOR_DEFINITIONS = (
					"DEBUG=1",
					"$(inherited)",
				);
				GCC_WARN_64_TO_32_BIT_CONVERSION = YES;
				GCC_WARN_ABOUT_RETURN_TYPE = YES_ERROR;
				GCC_WARN_UNDECLARED_SELECTOR = YES;
				GCC_WARN_UNINITIALIZED_AUTOS = YES_AGGRESSIVE;
				GCC_WARN_UNUSED_FUNCTION = YES;
				GCC_WARN_UNUSED_VARIABLE = YES;
				IPHONEOS_DEPLOYMENT_TARGET = 13.0;
				MTL_ENABLE_DEBUG_INFO = INCLUDE_SOURCE;
				MTL_FAST_MATH = YES;
				ONLY_ACTIVE_ARCH = YES;
				SDKROOT = iphoneos;
				SWIFT_ACTIVE_COMPILATION_CONDITIONS = DEBUG;
				SWIFT_OPTIMIZATION_LEVEL = "-Onone";
				SWIFT_VERSION = 5.0;
			};
			name = Debug;
		};
		50C6F6522A559FAF002F538D /* Release */ = {
			isa = XCBuildConfiguration;
			buildSettings = {
				ALWAYS_SEARCH_USER_PATHS = NO;
				CLANG_ANALYZER_NONNULL = YES;
				CLANG_ANALYZER_NUMBER_OBJECT_CONVERSION = YES_AGGRESSIVE;
				CLANG_CXX_LANGUAGE_STANDARD = "gnu++20";
				CLANG_ENABLE_MODULES = YES;
				CLANG_ENABLE_OBJC_ARC = YES;
				CLANG_ENABLE_OBJC_WEAK = YES;
				CLANG_WARN_BLOCK_CAPTURE_AUTORELEASING = YES;
				CLANG_WARN_BOOL_CONVERSION = YES;
				CLANG_WARN_COMMA = YES;
				CLANG_WARN_CONSTANT_CONVERSION = YES;
				CLANG_WARN_DEPRECATED_OBJC_IMPLEMENTATIONS = YES;
				CLANG_WARN_DIRECT_OBJC_ISA_USAGE = YES_ERROR;
				CLANG_WARN_DOCUMENTATION_COMMENTS = YES;
				CLANG_WARN_EMPTY_BODY = YES;
				CLANG_WARN_ENUM_CONVERSION = YES;
				CLANG_WARN_INFINITE_RECURSION = YES;
				CLANG_WARN_INT_CONVERSION = YES;
				CLANG_WARN_NON_LITERAL_NULL_CONVERSION = YES;
				CLANG_WARN_OBJC_IMPLICIT_RETAIN_SELF = YES;
				CLANG_WARN_OBJC_LITERAL_CONVERSION = YES;
				CLANG_WARN_OBJC_ROOT_CLASS = YES_ERROR;
				CLANG_WARN_QUOTED_INCLUDE_IN_FRAMEWORK_HEADER = YES;
				CLANG_WARN_RANGE_LOOP_ANALYSIS = YES;
				CLANG_WARN_STRICT_PROTOTYPES = YES;
				CLANG_WARN_SUSPICIOUS_MOVE = YES;
				CLANG_WARN_UNGUARDED_AVAILABILITY = YES_AGGRESSIVE;
				CLANG_WARN_UNREACHABLE_CODE = YES;
				CLANG_WARN__DUPLICATE_METHOD_MATCH = YES;
				COPY_PHASE_STRIP = NO;
				DEBUG_INFORMATION_FORMAT = "dwarf-with-dsym";
				ENABLE_NS_ASSERTIONS = NO;
				ENABLE_STRICT_OBJC_MSGSEND = YES;
				GCC_C_LANGUAGE_STANDARD = gnu11;
				GCC_NO_COMMON_BLOCKS = YES;
				GCC_WARN_64_TO_32_BIT_CONVERSION = YES;
				GCC_WARN_ABOUT_RETURN_TYPE = YES_ERROR;
				GCC_WARN_UNDECLARED_SELECTOR = YES;
				GCC_WARN_UNINITIALIZED_AUTOS = YES_AGGRESSIVE;
				GCC_WARN_UNUSED_FUNCTION = YES;
				GCC_WARN_UNUSED_VARIABLE = YES;
				IPHONEOS_DEPLOYMENT_TARGET = 13.0;
				MTL_ENABLE_DEBUG_INFO = NO;
				MTL_FAST_MATH = YES;
				SDKROOT = iphoneos;
				SWIFT_COMPILATION_MODE = wholemodule;
				SWIFT_OPTIMIZATION_LEVEL = "-O";
				SWIFT_VERSION = 5.0;
				VALIDATE_PRODUCT = YES;
			};
			name = Release;
		};
		50C6F6542A559FAF002F538D /* Debug */ = {
			isa = XCBuildConfiguration;
			buildSettings = {
				ASSETCATALOG_COMPILER_APPICON_NAME = AppIcon;
				ASSETCATALOG_COMPILER_GLOBAL_ACCENT_COLOR_NAME = AccentColor;
				CODE_SIGN_STYLE = Automatic;
				CURRENT_PROJECT_VERSION = 1;
				GENERATE_INFOPLIST_FILE = YES;
				INFOPLIST_FILE = "Demo/Spirit-Demo/Info.plist";
				INFOPLIST_KEY_UIApplicationSupportsIndirectInputEvents = YES;
				INFOPLIST_KEY_UILaunchStoryboardName = LaunchScreen;
				INFOPLIST_KEY_UIMainStoryboardFile = Main;
				INFOPLIST_KEY_UISupportedInterfaceOrientations_iPad = "UIInterfaceOrientationPortrait UIInterfaceOrientationPortraitUpsideDown UIInterfaceOrientationLandscapeLeft UIInterfaceOrientationLandscapeRight";
				INFOPLIST_KEY_UISupportedInterfaceOrientations_iPhone = "UIInterfaceOrientationPortrait UIInterfaceOrientationLandscapeLeft UIInterfaceOrientationLandscapeRight";
				LD_RUNPATH_SEARCH_PATHS = (
					"$(inherited)",
					"@executable_path/Frameworks",
				);
				MARKETING_VERSION = 1.0;
				PRODUCT_BUNDLE_IDENTIFIER = "com.max.SBProgressHUD-Demo";
				PRODUCT_NAME = "$(TARGET_NAME)";
				SWIFT_EMIT_LOC_STRINGS = YES;
				SWIFT_VERSION = 5.0;
				TARGETED_DEVICE_FAMILY = "1,2";
			};
			name = Debug;
		};
		50C6F6552A559FAF002F538D /* Release */ = {
			isa = XCBuildConfiguration;
			buildSettings = {
				ASSETCATALOG_COMPILER_APPICON_NAME = AppIcon;
				ASSETCATALOG_COMPILER_GLOBAL_ACCENT_COLOR_NAME = AccentColor;
				CODE_SIGN_STYLE = Automatic;
				CURRENT_PROJECT_VERSION = 1;
				GENERATE_INFOPLIST_FILE = YES;
				INFOPLIST_FILE = "Demo/Spirit-Demo/Info.plist";
				INFOPLIST_KEY_UIApplicationSupportsIndirectInputEvents = YES;
				INFOPLIST_KEY_UILaunchStoryboardName = LaunchScreen;
				INFOPLIST_KEY_UIMainStoryboardFile = Main;
				INFOPLIST_KEY_UISupportedInterfaceOrientations_iPad = "UIInterfaceOrientationPortrait UIInterfaceOrientationPortraitUpsideDown UIInterfaceOrientationLandscapeLeft UIInterfaceOrientationLandscapeRight";
				INFOPLIST_KEY_UISupportedInterfaceOrientations_iPhone = "UIInterfaceOrientationPortrait UIInterfaceOrientationLandscapeLeft UIInterfaceOrientationLandscapeRight";
				LD_RUNPATH_SEARCH_PATHS = (
					"$(inherited)",
					"@executable_path/Frameworks",
				);
				MARKETING_VERSION = 1.0;
				PRODUCT_BUNDLE_IDENTIFIER = "com.max.SBProgressHUD-Demo";
				PRODUCT_NAME = "$(TARGET_NAME)";
				SWIFT_EMIT_LOC_STRINGS = YES;
				SWIFT_VERSION = 5.0;
				TARGETED_DEVICE_FAMILY = "1,2";
			};
			name = Release;
		};
		94DB14242A5BEC9700F12A55 /* Debug */ = {
			isa = XCBuildConfiguration;
			buildSettings = {
				BUNDLE_LOADER = "$(TEST_HOST)";
				CLANG_ENABLE_MODULES = YES;
				CODE_SIGN_STYLE = Automatic;
				CURRENT_PROJECT_VERSION = 1;
				GENERATE_INFOPLIST_FILE = YES;
				IPHONEOS_DEPLOYMENT_TARGET = 16.4;
				MARKETING_VERSION = 1.0;
				PRODUCT_BUNDLE_IDENTIFIER = "com.max.SBProgressHUD-DemoTests";
				PRODUCT_NAME = "$(TARGET_NAME)";
				SWIFT_EMIT_LOC_STRINGS = NO;
				SWIFT_OPTIMIZATION_LEVEL = "-Onone";
				SWIFT_VERSION = 5.0;
				TARGETED_DEVICE_FAMILY = "1,2";
				TEST_HOST = "$(BUILT_PRODUCTS_DIR)/SBProgressHUD-Demo.app/$(BUNDLE_EXECUTABLE_FOLDER_PATH)/SBProgressHUD-Demo";
			};
			name = Debug;
		};
		94DB14252A5BEC9700F12A55 /* Release */ = {
			isa = XCBuildConfiguration;
			buildSettings = {
				BUNDLE_LOADER = "$(TEST_HOST)";
				CLANG_ENABLE_MODULES = YES;
				CODE_SIGN_STYLE = Automatic;
				CURRENT_PROJECT_VERSION = 1;
				GENERATE_INFOPLIST_FILE = YES;
				IPHONEOS_DEPLOYMENT_TARGET = 16.4;
				MARKETING_VERSION = 1.0;
				PRODUCT_BUNDLE_IDENTIFIER = "com.max.SBProgressHUD-DemoTests";
				PRODUCT_NAME = "$(TARGET_NAME)";
				SWIFT_EMIT_LOC_STRINGS = NO;
				SWIFT_VERSION = 5.0;
				TARGETED_DEVICE_FAMILY = "1,2";
				TEST_HOST = "$(BUILT_PRODUCTS_DIR)/SBProgressHUD-Demo.app/$(BUNDLE_EXECUTABLE_FOLDER_PATH)/SBProgressHUD-Demo";
			};
			name = Release;
		};
/* End XCBuildConfiguration section */

/* Begin XCConfigurationList section */
		50C6F63A2A559FAE002F538D /* Build configuration list for PBXProject "SBProgressHUD-Demo" */ = {
			isa = XCConfigurationList;
			buildConfigurations = (
				50C6F6512A559FAF002F538D /* Debug */,
				50C6F6522A559FAF002F538D /* Release */,
			);
			defaultConfigurationIsVisible = 0;
			defaultConfigurationName = Release;
		};
		50C6F6532A559FAF002F538D /* Build configuration list for PBXNativeTarget "SBProgressHUD-Demo" */ = {
			isa = XCConfigurationList;
			buildConfigurations = (
				50C6F6542A559FAF002F538D /* Debug */,
				50C6F6552A559FAF002F538D /* Release */,
			);
			defaultConfigurationIsVisible = 0;
			defaultConfigurationName = Release;
		};
		94DB14262A5BEC9700F12A55 /* Build configuration list for PBXNativeTarget "SBProgressHUD-DemoTests" */ = {
			isa = XCConfigurationList;
			buildConfigurations = (
				94DB14242A5BEC9700F12A55 /* Debug */,
				94DB14252A5BEC9700F12A55 /* Release */,
			);
			defaultConfigurationIsVisible = 0;
			defaultConfigurationName = Release;
		};
/* End XCConfigurationList section */
	};
	rootObject = 50C6F6372A559FAE002F538D /* Project object */;
}
